
Microsoft Visual Studio Solution File, Format Version 12.00
# Visual Studio Version 17
VisualStudioVersion = 17.14.36518.9
MinimumVisualStudioVersion = 10.0.40219.1
Project("{FAE04EC0-301F-11D3-BF4B-00C04F79EFBC}") = "CafeCMU.Module", "CafeCMU.Module\CafeCMU.Module.csproj", "{73B1102B-8184-9FD1-E04E-D04F510E015B}"
EndProject
Project("{FAE04EC0-301F-11D3-BF4B-00C04F79EFBC}") = "CafeCMU.Blazor.Server", "CafeCMU.Blazor.Server\CafeCMU.Blazor.Server.csproj", "{0742B431-B2CE-7C89-9B13-8F55BF3DFC42}"
EndProject
Global
	GlobalSection(SolutionConfigurationPlatforms) = preSolution
		Debug|Any CPU = Debug|Any CPU
		EasyTest|Any CPU = EasyTest|Any CPU
		Release|Any CPU = Release|Any CPU
	EndGlobalSection
	GlobalSection(ProjectConfigurationPlatforms) = postSolution
		{73B1102B-8184-9FD1-E04E-D04F510E015B}.Debug|Any CPU.ActiveCfg = Debug|Any CPU
		{73B1102B-8184-9FD1-E04E-D04F510E015B}.Debug|Any CPU.Build.0 = Debug|Any CPU
		{73B1102B-8184-9FD1-E04E-D04F510E015B}.EasyTest|Any CPU.ActiveCfg = EasyTest|Any CPU
		{73B1102B-8184-9FD1-E04E-D04F510E015B}.EasyTest|Any CPU.Build.0 = EasyTest|Any CPU
		{73B1102B-8184-9FD1-E04E-D04F510E015B}.Release|Any CPU.ActiveCfg = Release|Any CPU
		{73B1102B-8184-9FD1-E04E-D04F510E015B}.Release|Any CPU.Build.0 = Release|Any CPU
		{0742B431-B2CE-7C89-9B13-8F55BF3DFC42}.Debug|Any CPU.ActiveCfg = Debug|Any CPU
		{0742B431-B2CE-7C89-9B13-8F55BF3DFC42}.Debug|Any CPU.Build.0 = Debug|Any CPU
		{0742B431-B2CE-7C89-9B13-8F55BF3DFC42}.EasyTest|Any CPU.ActiveCfg = EasyTest|Any CPU
		{0742B431-B2CE-7C89-9B13-8F55BF3DFC42}.EasyTest|Any CPU.Build.0 = EasyTest|Any CPU
		{0742B431-B2CE-7C89-9B13-8F55BF3DFC42}.Release|Any CPU.ActiveCfg = Release|Any CPU
		{0742B431-B2CE-7C89-9B13-8F55BF3DFC42}.Release|Any CPU.Build.0 = Release|Any CPU
	EndGlobalSection
	GlobalSection(SolutionProperties) = preSolution
		HideSolutionNode = FALSE
	EndGlobalSection
	GlobalSection(ExtensibilityGlobals) = postSolution
		SolutionGuid = {070BC8A7-5846-4E6F-9937-41D9C5533213}
	EndGlobalSection
EndGlobal
